
Microsoft Visual Studio Solution File, Format Version 12.00
# Visual Studio Version 17
VisualStudioVersion = 17.11.35208.52
MinimumVisualStudioVersion = 10.0.40219.1
Project("{2150E333-8FDC-42A3-9474-1A3956D46DE8}") = "AMS", "AMS", "{EDF173F7-6291-4051-8824-773792A97927}"
EndProject
Project("{2150E333-8FDC-42A3-9474-1A3956D46DE8}") = "AMS.Market", "AMS.Market", "{A5B3CA2D-657B-4E78-8323-85CA9B937325}"
EndProject
Project("{9A19103F-16F7-4668-BE54-9A1E7A4F7556}") = "Undersoft.AMS", "src\AMS\src\AMS\Undersoft.AMS.csproj", "{4937BE5F-616D-4A66-A93F-26698C71C8BC}"
EndProject
Project("{2150E333-8FDC-42A3-9474-1A3956D46DE8}") = "AMS.Catalog", "AMS.Catalog", "{B79E800B-0B3F-46DE-A839-80A2FDE87770}"
EndProject
Project("{2150E333-8FDC-42A3-9474-1A3956D46DE8}") = "AMS.Document", "AMS.Document", "{FB3EBF40-09BF-47DE-8978-3B832EA730A5}"
EndProject
Project("{2150E333-8FDC-42A3-9474-1A3956D46DE8}") = "AMS.Logistic", "AMS.Logistic", "{9E777F39-D2C5-45A5-9383-4DB6897A10E9}"
EndProject
Project("{9A19103F-16F7-4668-BE54-9A1E7A4F7556}") = "Undersoft.AMS.Catalog.Service.Application", "src\AMS.Catalog\src\AMS.Catalog.Service.Application\Undersoft.AMS.Catalog.Service.Application.csproj", "{1F50396B-84E8-4491-8CF6-E63037BF2E70}"
EndProject
Project("{9A19103F-16F7-4668-BE54-9A1E7A4F7556}") = "Undersoft.AMS.Catalog.Service.Application.GUI", "src\AMS.Catalog\src\AMS.Catalog.Service.Application.GUI\Undersoft.AMS.Catalog.Service.Application.GUI.csproj", "{BF5CD09D-F496-44FC-BD9D-8A6B291AC1ED}"
EndProject
Project("{9A19103F-16F7-4668-BE54-9A1E7A4F7556}") = "Undersoft.AMS.Catalog.Service.Server", "src\AMS.Catalog\src\AMS.Catalog.Service.Server\Undersoft.AMS.Catalog.Service.Server.csproj", "{16D0E4D5-8BA3-4550-AD14-A90DE3116935}"
EndProject
Project("{9A19103F-16F7-4668-BE54-9A1E7A4F7556}") = "Undersoft.AMS.Catalog.Service.Server.Participants", "src\AMS.Catalog\src\AMS.Catalog.Service.Server.Participants\Undersoft.AMS.Catalog.Service.Server.Participants.csproj", "{F69700D1-175A-45AF-B234-65496C4B6CB6}"
EndProject
Project("{9A19103F-16F7-4668-BE54-9A1E7A4F7556}") = "Undersoft.AMS.Catalog.Service.Server.Resources", "src\AMS.Catalog\src\AMS.Catalog.Service.Server.Resources\Undersoft.AMS.Catalog.Service.Server.Resources.csproj", "{936E8630-A36C-4BAF-A5B4-5160D3662E5A}"
EndProject
Project("{9A19103F-16F7-4668-BE54-9A1E7A4F7556}") = "Undersoft.AMS.Document.Service.Application", "src\AMS.Document\src\AMS.Document.Service.Application\Undersoft.AMS.Document.Service.Application.csproj", "{26B7134E-982D-4FAA-844A-3929208B591A}"
EndProject
Project("{9A19103F-16F7-4668-BE54-9A1E7A4F7556}") = "Undersoft.AMS.Document.Service.Application.GUI", "src\AMS.Document\src\AMS.Document.Service.Application.GUI\Undersoft.AMS.Document.Service.Application.GUI.csproj", "{A0FE92AB-F84C-4DF2-975D-2F46972D94C1}"
EndProject
Project("{9A19103F-16F7-4668-BE54-9A1E7A4F7556}") = "Undersoft.AMS.Document.Service.Server", "src\AMS.Document\src\AMS.Document.Service.Server\Undersoft.AMS.Document.Service.Server.csproj", "{04379A02-329A-4764-98E2-287F1AB98125}"
EndProject
Project("{9A19103F-16F7-4668-BE54-9A1E7A4F7556}") = "Undersoft.AMS.Document.Service.Server.Commercial", "src\AMS.Document\src\AMS.Document.Service.Server.Commercial\Undersoft.AMS.Document.Service.Server.Commercial.csproj", "{72AA118F-9D3E-4118-9C98-7035EED551AC}"
EndProject
Project("{9A19103F-16F7-4668-BE54-9A1E7A4F7556}") = "Undersoft.AMS.Document.Service.Server.Financial", "src\AMS.Document\src\AMS.Document.Service.Server.Financial\Undersoft.AMS.Document.Service.Server.Financial.csproj", "{C21E0C45-CF8F-43BD-AF73-8A42D350CFAB}"
EndProject
Project("{9A19103F-16F7-4668-BE54-9A1E7A4F7556}") = "Undersoft.AMS.Document.Service.Server.Legal", "src\AMS.Document\src\AMS.Document.Service.Server.Legal\Undersoft.AMS.Document.Service.Server.Legal.csproj", "{F5E4E640-270B-44AC-B6B3-FF12C0078CC7}"
EndProject
Project("{9A19103F-16F7-4668-BE54-9A1E7A4F7556}") = "Undersoft.AMS.Logistic.Service.Application", "src\AMS.Logistic\src\AMS.Logistic.Service.Application\Undersoft.AMS.Logistic.Service.Application.csproj", "{DD2F6767-DDC5-4A43-BE15-0EDCE33E539C}"
EndProject
Project("{9A19103F-16F7-4668-BE54-9A1E7A4F7556}") = "Undersoft.AMS.Logistic.Service.Application.GUI", "src\AMS.Logistic\src\AMS.Logistic.Service.Application.GUI\Undersoft.AMS.Logistic.Service.Application.GUI.csproj", "{F001605E-CE6F-42A1-814A-E26861C63817}"
EndProject
Project("{9A19103F-16F7-4668-BE54-9A1E7A4F7556}") = "Undersoft.AMS.Logistic.Service.Server", "src\AMS.Logistic\src\AMS.Logistic.Service.Server\Undersoft.AMS.Logistic.Service.Server.csproj", "{64D5C48C-5190-44AF-887D-054D781994C4}"
EndProject
Project("{9A19103F-16F7-4668-BE54-9A1E7A4F7556}") = "Undersoft.AMS.Logistic.Service.Server.Shipments", "src\AMS.Logistic\src\AMS.Logistic.Service.Server.Shipments\Undersoft.AMS.Logistic.Service.Server.Shipments.csproj", "{CF81AD94-223F-4B72-AF11-2D3440189314}"
EndProject
Project("{9A19103F-16F7-4668-BE54-9A1E7A4F7556}") = "Undersoft.AMS.Market.Service.Application", "src\AMS.Market\src\AMS.Market.Service.Application\Undersoft.AMS.Market.Service.Application.csproj", "{5A4699A7-112E-43DA-8AF0-7B7B3634DB98}"
EndProject
Project("{9A19103F-16F7-4668-BE54-9A1E7A4F7556}") = "Undersoft.AMS.Market.Service.Application.GUI", "src\AMS.Market\src\AMS.Market.Service.Application.GUI\Undersoft.AMS.Market.Service.Application.GUI.csproj", "{594660C5-2759-4034-8ECB-263B5E349B6B}"
EndProject
Project("{9A19103F-16F7-4668-BE54-9A1E7A4F7556}") = "Undersoft.AMS.Market.Service.Server", "src\AMS.Market\src\AMS.Market.Service.Server\Undersoft.AMS.Market.Service.Server.csproj", "{6D047A1B-9CCA-426F-8C0F-82716502BAC3}"
EndProject
Project("{9A19103F-16F7-4668-BE54-9A1E7A4F7556}") = "Undersoft.AMS.Market.Service.Server.Purchases", "src\AMS.Market\src\AMS.Market.Service.Server.Purchases\Undersoft.AMS.Market.Service.Server.Purchases.csproj", "{400C4EC7-4F6E-4C14-8AF7-58CB9D02EBB1}"
EndProject
Project("{9A19103F-16F7-4668-BE54-9A1E7A4F7556}") = "Undersoft.AMS.Market.Service.Server.Sales", "src\AMS.Market\src\AMS.Market.Service.Server.Sales\Undersoft.AMS.Market.Service.Server.Sales.csproj", "{D2560529-AC45-461C-95B2-3109A998538D}"
EndProject
Project("{9A19103F-16F7-4668-BE54-9A1E7A4F7556}") = "Undersoft.AMS.Service.Application", "src\AMS\src\AMS.Service.Application\Undersoft.AMS.Service.Application.csproj", "{7A3B9B6D-1907-4A21-81F0-8AEB038CF319}"
EndProject
Project("{9A19103F-16F7-4668-BE54-9A1E7A4F7556}") = "Undersoft.AMS.Service.Application.Client", "src\AMS\src\AMS.Service.Application.Client\Undersoft.AMS.Service.Application.Client.csproj", "{E40F89AE-9654-4CB7-B06B-8250B7C9F6C8}"
EndProject
Project("{9A19103F-16F7-4668-BE54-9A1E7A4F7556}") = "Undersoft.AMS.Service.Application.GUI", "src\AMS\src\AMS.Service.Application.GUI\Undersoft.AMS.Service.Application.GUI.csproj", "{349FDA7D-FE7C-47DB-9EC1-3F5DD1A06B2A}"
EndProject
Project("{9A19103F-16F7-4668-BE54-9A1E7A4F7556}") = "Undersoft.AMS.Service.Application.Hybrid", "src\AMS\src\AMS.Service.Application.Hybrid\Undersoft.AMS.Service.Application.Hybrid.csproj", "{37BB5F21-F75A-494E-9ADF-49938AB4D704}"
EndProject
Project("{9A19103F-16F7-4668-BE54-9A1E7A4F7556}") = "Undersoft.AMS.Service.Application.Server", "src\AMS\src\AMS.Service.Application.Server\Undersoft.AMS.Service.Application.Server.csproj", "{E265E700-2FB4-40BD-ACF5-AAA190C749AF}"
EndProject
Project("{9A19103F-16F7-4668-BE54-9A1E7A4F7556}") = "Undersoft.AMS.Service.Infrastructure", "src\AMS\src\AMS.Service.Infrastructure\Undersoft.AMS.Service.Infrastructure.csproj", "{827664B7-51F5-4402-BF19-F4E6BEE3B771}"
EndProject
Project("{9A19103F-16F7-4668-BE54-9A1E7A4F7556}") = "Undersoft.AMS.Service.Server", "src\AMS\src\AMS.Service.Server\Undersoft.AMS.Service.Server.csproj", "{09E008EF-B555-4564-A927-E9616B950C6C}"
EndProject
Project("{2150E333-8FDC-42A3-9474-1A3956D46DE8}") = "AMS", "AMS", "{2F1F9DC3-E11D-4FE3-9115-468E962115EA}"
EndProject
Project("{2150E333-8FDC-42A3-9474-1A3956D46DE8}") = "SDK", "SDK", "{5E6BDB1B-A5C7-4133-AB9B-927760965E72}"
EndProject
Project("{9A19103F-16F7-4668-BE54-9A1E7A4F7556}") = "Undersoft.SDK", "..\..\..\SDK\src\Undersoft.SDK\Undersoft.SDK.csproj", "{3F6857B5-42E2-45CB-B188-D3F617854501}"
EndProject
Project("{9A19103F-16F7-4668-BE54-9A1E7A4F7556}") = "Undersoft.SDK.Service", "..\..\..\SDK\src\Undersoft.SDK.Service\Undersoft.SDK.Service.csproj", "{82E94F2B-E8F6-462D-B97E-B306BD15D06A}"
EndProject
Project("{9A19103F-16F7-4668-BE54-9A1E7A4F7556}") = "Undersoft.SDK.Service.Server", "..\..\..\SDK\src\Undersoft.SDK.Service.Server\Undersoft.SDK.Service.Server.csproj", "{7CD99B17-8B7B-4138-9E72-C63B8847E83F}"
EndProject
Project("{9A19103F-16F7-4668-BE54-9A1E7A4F7556}") = "Undersoft.SDK.Service.Infrastructure", "..\..\..\SDK\src\Undersoft.SDK.Service.Infrastructure\Undersoft.SDK.Service.Infrastructure.csproj", "{41E221F3-692D-49F1-84C3-F44892E944FF}"
EndProject
Project("{9A19103F-16F7-4668-BE54-9A1E7A4F7556}") = "Undersoft.SDK.Service.Application.Server", "..\..\..\SDK\src\Undersoft.SDK.Service.Application.Server\Undersoft.SDK.Service.Application.Server.csproj", "{2B98A58D-1FC7-41AA-95BF-7899F9AE5DF7}"
EndProject
Project("{9A19103F-16F7-4668-BE54-9A1E7A4F7556}") = "Undersoft.SDK.Service.Application.GUI", "..\..\..\SDK\src\Undersoft.SDK.Service.Application.GUI\Undersoft.SDK.Service.Application.GUI.csproj", "{A0B5DD08-F548-4463-A3E6-CC5DD0410C69}"
EndProject
Project("{9A19103F-16F7-4668-BE54-9A1E7A4F7556}") = "Undersoft.SDK.Service.Application", "..\..\..\SDK\src\Undersoft.SDK.Service.Application\Undersoft.SDK.Service.Application.csproj", "{262F590E-20FC-410A-8E58-F258200BFBBE}"
EndProject
Project("{9A19103F-16F7-4668-BE54-9A1E7A4F7556}") = "Undersoft.AMS.Logistic.Service.Server.Deliveries", "src\AMS.Logistic\src\AMS.Logistic.Service.Server.Deliveries\Undersoft.AMS.Logistic.Service.Server.Deliveries.csproj", "{BDA408D8-0697-4E22-B9EF-A9D8BC9CE6DF}"
EndProject
Project("{9A19103F-16F7-4668-BE54-9A1E7A4F7556}") = "Undersoft.AMS.Catalog.Service.Server.Subjects", "src\AMS.Catalog\src\AMS.Catalog.Service.Server.Subjects\Undersoft.AMS.Catalog.Service.Server.Subjects.csproj", "{7F738F55-6628-4436-9E45-DF89D01746A7}"
EndProject
Project("{9A19103F-16F7-4668-BE54-9A1E7A4F7556}") = "Undersoft.AMS.Market.Service.Server.Stocks", "src\AMS.Market\src\AMS.Market.Service.Server.Stocks\Undersoft.AMS.Market.Service.Server.Stocks.csproj", "{E2DC513F-6D5B-4FAD-8603-ABDE9F4A1D76}"
EndProject
Project("{9A19103F-16F7-4668-BE54-9A1E7A4F7556}") = "Undersoft.AMS.Logistic.Service.Server.Inventory", "src\AMS.Logistic\src\AMS.Logistic.Service.Server.Inventory\Undersoft.AMS.Logistic.Service.Server.Inventory.csproj", "{0FA1E143-0CA7-4914-B4DA-E688F24258B8}"
EndProject
Project("{9A19103F-16F7-4668-BE54-9A1E7A4F7556}") = "Undersoft.AMS.Market.Service.Server.Produces", "src\AMS.Market\src\AMS.Market.Service.Server.Produces\Undersoft.AMS.Market.Service.Server.Produces.csproj", "{621A2AC3-1846-4C3A-8BE1-7C2299E108DD}"
EndProject
Project("{9A19103F-16F7-4668-BE54-9A1E7A4F7556}") = "Undersoft.AMS.Market.Service.Server.Consumes", "src\AMS.Market\src\AMS.Market.Service.Server.Consumes\Undersoft.AMS.Market.Service.Server.Consumes.csproj", "{7E80F008-2910-449E-BCBE-5898A3EEAE5A}"
EndProject
Project("{9A19103F-16F7-4668-BE54-9A1E7A4F7556}") = "Undersoft.AMS.Document.Service.Server.Productional", "src\AMS.Document\src\AMS.Document.Service.Server.Productional\Undersoft.AMS.Document.Service.Server.Productional.csproj", "{8F4C6E5E-9B52-48AA-891A-6AE8E8F3D80D}"
EndProject
Project("{9A19103F-16F7-4668-BE54-9A1E7A4F7556}") = "Undersoft.AMS.Service", "src\AMS\src\AMS.Service\Undersoft.AMS.Service.csproj", "{2177273E-EAED-4FF6-A8F2-9B16FC7BA8B9}"
EndProject
Project("{9A19103F-16F7-4668-BE54-9A1E7A4F7556}") = "Undersoft.AMS.Market.Service", "src\AMS.Market\src\AMS.Market.Service\Undersoft.AMS.Market.Service.csproj", "{B0AA7DA4-018B-456D-9B72-A9AED12687D0}"
EndProject
Project("{9A19103F-16F7-4668-BE54-9A1E7A4F7556}") = "Undersoft.AMS.Logistic.Service", "src\AMS.Logistic\src\AMS.Logistic.Service\Undersoft.AMS.Logistic.Service.csproj", "{0A93113C-4584-4483-BFEC-5AB0E34EF6F7}"
EndProject
Global
	GlobalSection(SolutionConfigurationPlatforms) = preSolution
		Debug|Any CPU = Debug|Any CPU
		Release|Any CPU = Release|Any CPU
	EndGlobalSection
	GlobalSection(ProjectConfigurationPlatforms) = postSolution
		{4937BE5F-616D-4A66-A93F-26698C71C8BC}.Debug|Any CPU.ActiveCfg = Debug|Any CPU
		{4937BE5F-616D-4A66-A93F-26698C71C8BC}.Debug|Any CPU.Build.0 = Debug|Any CPU
		{4937BE5F-616D-4A66-A93F-26698C71C8BC}.Release|Any CPU.ActiveCfg = Release|Any CPU
		{4937BE5F-616D-4A66-A93F-26698C71C8BC}.Release|Any CPU.Build.0 = Release|Any CPU
		{1F50396B-84E8-4491-8CF6-E63037BF2E70}.Debug|Any CPU.ActiveCfg = Debug|Any CPU
		{1F50396B-84E8-4491-8CF6-E63037BF2E70}.Debug|Any CPU.Build.0 = Debug|Any CPU
		{1F50396B-84E8-4491-8CF6-E63037BF2E70}.Release|Any CPU.ActiveCfg = Release|Any CPU
		{1F50396B-84E8-4491-8CF6-E63037BF2E70}.Release|Any CPU.Build.0 = Release|Any CPU
		{BF5CD09D-F496-44FC-BD9D-8A6B291AC1ED}.Debug|Any CPU.ActiveCfg = Debug|Any CPU
		{BF5CD09D-F496-44FC-BD9D-8A6B291AC1ED}.Debug|Any CPU.Build.0 = Debug|Any CPU
		{BF5CD09D-F496-44FC-BD9D-8A6B291AC1ED}.Release|Any CPU.ActiveCfg = Release|Any CPU
		{BF5CD09D-F496-44FC-BD9D-8A6B291AC1ED}.Release|Any CPU.Build.0 = Release|Any CPU
		{16D0E4D5-8BA3-4550-AD14-A90DE3116935}.Debug|Any CPU.ActiveCfg = Debug|Any CPU
		{16D0E4D5-8BA3-4550-AD14-A90DE3116935}.Debug|Any CPU.Build.0 = Debug|Any CPU
		{16D0E4D5-8BA3-4550-AD14-A90DE3116935}.Release|Any CPU.ActiveCfg = Release|Any CPU
		{16D0E4D5-8BA3-4550-AD14-A90DE3116935}.Release|Any CPU.Build.0 = Release|Any CPU
		{F69700D1-175A-45AF-B234-65496C4B6CB6}.Debug|Any CPU.ActiveCfg = Debug|Any CPU
		{F69700D1-175A-45AF-B234-65496C4B6CB6}.Debug|Any CPU.Build.0 = Debug|Any CPU
		{F69700D1-175A-45AF-B234-65496C4B6CB6}.Release|Any CPU.ActiveCfg = Release|Any CPU
		{F69700D1-175A-45AF-B234-65496C4B6CB6}.Release|Any CPU.Build.0 = Release|Any CPU
		{936E8630-A36C-4BAF-A5B4-5160D3662E5A}.Debug|Any CPU.ActiveCfg = Debug|Any CPU
		{936E8630-A36C-4BAF-A5B4-5160D3662E5A}.Debug|Any CPU.Build.0 = Debug|Any CPU
		{936E8630-A36C-4BAF-A5B4-5160D3662E5A}.Release|Any CPU.ActiveCfg = Release|Any CPU
		{936E8630-A36C-4BAF-A5B4-5160D3662E5A}.Release|Any CPU.Build.0 = Release|Any CPU
		{26B7134E-982D-4FAA-844A-3929208B591A}.Debug|Any CPU.ActiveCfg = Debug|Any CPU
		{26B7134E-982D-4FAA-844A-3929208B591A}.Debug|Any CPU.Build.0 = Debug|Any CPU
		{26B7134E-982D-4FAA-844A-3929208B591A}.Release|Any CPU.ActiveCfg = Release|Any CPU
		{26B7134E-982D-4FAA-844A-3929208B591A}.Release|Any CPU.Build.0 = Release|Any CPU
		{A0FE92AB-F84C-4DF2-975D-2F46972D94C1}.Debug|Any CPU.ActiveCfg = Debug|Any CPU
		{A0FE92AB-F84C-4DF2-975D-2F46972D94C1}.Debug|Any CPU.Build.0 = Debug|Any CPU
		{A0FE92AB-F84C-4DF2-975D-2F46972D94C1}.Release|Any CPU.ActiveCfg = Release|Any CPU
		{A0FE92AB-F84C-4DF2-975D-2F46972D94C1}.Release|Any CPU.Build.0 = Release|Any CPU
		{04379A02-329A-4764-98E2-287F1AB98125}.Debug|Any CPU.ActiveCfg = Debug|Any CPU
		{04379A02-329A-4764-98E2-287F1AB98125}.Debug|Any CPU.Build.0 = Debug|Any CPU
		{04379A02-329A-4764-98E2-287F1AB98125}.Release|Any CPU.ActiveCfg = Release|Any CPU
		{04379A02-329A-4764-98E2-287F1AB98125}.Release|Any CPU.Build.0 = Release|Any CPU
		{72AA118F-9D3E-4118-9C98-7035EED551AC}.Debug|Any CPU.ActiveCfg = Debug|Any CPU
		{72AA118F-9D3E-4118-9C98-7035EED551AC}.Debug|Any CPU.Build.0 = Debug|Any CPU
		{72AA118F-9D3E-4118-9C98-7035EED551AC}.Release|Any CPU.ActiveCfg = Release|Any CPU
		{72AA118F-9D3E-4118-9C98-7035EED551AC}.Release|Any CPU.Build.0 = Release|Any CPU
		{C21E0C45-CF8F-43BD-AF73-8A42D350CFAB}.Debug|Any CPU.ActiveCfg = Debug|Any CPU
		{C21E0C45-CF8F-43BD-AF73-8A42D350CFAB}.Debug|Any CPU.Build.0 = Debug|Any CPU
		{C21E0C45-CF8F-43BD-AF73-8A42D350CFAB}.Release|Any CPU.ActiveCfg = Release|Any CPU
		{C21E0C45-CF8F-43BD-AF73-8A42D350CFAB}.Release|Any CPU.Build.0 = Release|Any CPU
		{F5E4E640-270B-44AC-B6B3-FF12C0078CC7}.Debug|Any CPU.ActiveCfg = Debug|Any CPU
		{F5E4E640-270B-44AC-B6B3-FF12C0078CC7}.Debug|Any CPU.Build.0 = Debug|Any CPU
		{F5E4E640-270B-44AC-B6B3-FF12C0078CC7}.Release|Any CPU.ActiveCfg = Release|Any CPU
		{F5E4E640-270B-44AC-B6B3-FF12C0078CC7}.Release|Any CPU.Build.0 = Release|Any CPU
		{DD2F6767-DDC5-4A43-BE15-0EDCE33E539C}.Debug|Any CPU.ActiveCfg = Debug|Any CPU
		{DD2F6767-DDC5-4A43-BE15-0EDCE33E539C}.Debug|Any CPU.Build.0 = Debug|Any CPU
		{DD2F6767-DDC5-4A43-BE15-0EDCE33E539C}.Release|Any CPU.ActiveCfg = Release|Any CPU
		{DD2F6767-DDC5-4A43-BE15-0EDCE33E539C}.Release|Any CPU.Build.0 = Release|Any CPU
		{F001605E-CE6F-42A1-814A-E26861C63817}.Debug|Any CPU.ActiveCfg = Debug|Any CPU
		{F001605E-CE6F-42A1-814A-E26861C63817}.Debug|Any CPU.Build.0 = Debug|Any CPU
		{F001605E-CE6F-42A1-814A-E26861C63817}.Release|Any CPU.ActiveCfg = Release|Any CPU
		{F001605E-CE6F-42A1-814A-E26861C63817}.Release|Any CPU.Build.0 = Release|Any CPU
		{64D5C48C-5190-44AF-887D-054D781994C4}.Debug|Any CPU.ActiveCfg = Debug|Any CPU
		{64D5C48C-5190-44AF-887D-054D781994C4}.Debug|Any CPU.Build.0 = Debug|Any CPU
		{64D5C48C-5190-44AF-887D-054D781994C4}.Release|Any CPU.ActiveCfg = Release|Any CPU
		{64D5C48C-5190-44AF-887D-054D781994C4}.Release|Any CPU.Build.0 = Release|Any CPU
		{CF81AD94-223F-4B72-AF11-2D3440189314}.Debug|Any CPU.ActiveCfg = Debug|Any CPU
		{CF81AD94-223F-4B72-AF11-2D3440189314}.Debug|Any CPU.Build.0 = Debug|Any CPU
		{CF81AD94-223F-4B72-AF11-2D3440189314}.Release|Any CPU.ActiveCfg = Release|Any CPU
		{CF81AD94-223F-4B72-AF11-2D3440189314}.Release|Any CPU.Build.0 = Release|Any CPU
		{5A4699A7-112E-43DA-8AF0-7B7B3634DB98}.Debug|Any CPU.ActiveCfg = Debug|Any CPU
		{5A4699A7-112E-43DA-8AF0-7B7B3634DB98}.Debug|Any CPU.Build.0 = Debug|Any CPU
		{5A4699A7-112E-43DA-8AF0-7B7B3634DB98}.Release|Any CPU.ActiveCfg = Release|Any CPU
		{5A4699A7-112E-43DA-8AF0-7B7B3634DB98}.Release|Any CPU.Build.0 = Release|Any CPU
		{594660C5-2759-4034-8ECB-263B5E349B6B}.Debug|Any CPU.ActiveCfg = Debug|Any CPU
		{594660C5-2759-4034-8ECB-263B5E349B6B}.Debug|Any CPU.Build.0 = Debug|Any CPU
		{594660C5-2759-4034-8ECB-263B5E349B6B}.Release|Any CPU.ActiveCfg = Release|Any CPU
		{594660C5-2759-4034-8ECB-263B5E349B6B}.Release|Any CPU.Build.0 = Release|Any CPU
		{6D047A1B-9CCA-426F-8C0F-82716502BAC3}.Debug|Any CPU.ActiveCfg = Debug|Any CPU
		{6D047A1B-9CCA-426F-8C0F-82716502BAC3}.Debug|Any CPU.Build.0 = Debug|Any CPU
		{6D047A1B-9CCA-426F-8C0F-82716502BAC3}.Release|Any CPU.ActiveCfg = Release|Any CPU
		{6D047A1B-9CCA-426F-8C0F-82716502BAC3}.Release|Any CPU.Build.0 = Release|Any CPU
		{400C4EC7-4F6E-4C14-8AF7-58CB9D02EBB1}.Debug|Any CPU.ActiveCfg = Debug|Any CPU
		{400C4EC7-4F6E-4C14-8AF7-58CB9D02EBB1}.Debug|Any CPU.Build.0 = Debug|Any CPU
		{400C4EC7-4F6E-4C14-8AF7-58CB9D02EBB1}.Release|Any CPU.ActiveCfg = Release|Any CPU
		{400C4EC7-4F6E-4C14-8AF7-58CB9D02EBB1}.Release|Any CPU.Build.0 = Release|Any CPU
		{D2560529-AC45-461C-95B2-3109A998538D}.Debug|Any CPU.ActiveCfg = Debug|Any CPU
		{D2560529-AC45-461C-95B2-3109A998538D}.Debug|Any CPU.Build.0 = Debug|Any CPU
		{D2560529-AC45-461C-95B2-3109A998538D}.Release|Any CPU.ActiveCfg = Release|Any CPU
		{D2560529-AC45-461C-95B2-3109A998538D}.Release|Any CPU.Build.0 = Release|Any CPU
		{7A3B9B6D-1907-4A21-81F0-8AEB038CF319}.Debug|Any CPU.ActiveCfg = Debug|Any CPU
		{7A3B9B6D-1907-4A21-81F0-8AEB038CF319}.Debug|Any CPU.Build.0 = Debug|Any CPU
		{7A3B9B6D-1907-4A21-81F0-8AEB038CF319}.Release|Any CPU.ActiveCfg = Release|Any CPU
		{7A3B9B6D-1907-4A21-81F0-8AEB038CF319}.Release|Any CPU.Build.0 = Release|Any CPU
		{E40F89AE-9654-4CB7-B06B-8250B7C9F6C8}.Debug|Any CPU.ActiveCfg = Debug|Any CPU
		{E40F89AE-9654-4CB7-B06B-8250B7C9F6C8}.Debug|Any CPU.Build.0 = Debug|Any CPU
		{E40F89AE-9654-4CB7-B06B-8250B7C9F6C8}.Release|Any CPU.ActiveCfg = Release|Any CPU
		{E40F89AE-9654-4CB7-B06B-8250B7C9F6C8}.Release|Any CPU.Build.0 = Release|Any CPU
		{349FDA7D-FE7C-47DB-9EC1-3F5DD1A06B2A}.Debug|Any CPU.ActiveCfg = Debug|Any CPU
		{349FDA7D-FE7C-47DB-9EC1-3F5DD1A06B2A}.Debug|Any CPU.Build.0 = Debug|Any CPU
		{349FDA7D-FE7C-47DB-9EC1-3F5DD1A06B2A}.Release|Any CPU.ActiveCfg = Release|Any CPU
		{349FDA7D-FE7C-47DB-9EC1-3F5DD1A06B2A}.Release|Any CPU.Build.0 = Release|Any CPU
		{37BB5F21-F75A-494E-9ADF-49938AB4D704}.Debug|Any CPU.ActiveCfg = Debug|Any CPU
		{37BB5F21-F75A-494E-9ADF-49938AB4D704}.Debug|Any CPU.Build.0 = Debug|Any CPU
		{37BB5F21-F75A-494E-9ADF-49938AB4D704}.Debug|Any CPU.Deploy.0 = Debug|Any CPU
		{37BB5F21-F75A-494E-9ADF-49938AB4D704}.Release|Any CPU.ActiveCfg = Release|Any CPU
		{37BB5F21-F75A-494E-9ADF-49938AB4D704}.Release|Any CPU.Build.0 = Release|Any CPU
		{37BB5F21-F75A-494E-9ADF-49938AB4D704}.Release|Any CPU.Deploy.0 = Release|Any CPU
		{E265E700-2FB4-40BD-ACF5-AAA190C749AF}.Debug|Any CPU.ActiveCfg = Debug|Any CPU
		{E265E700-2FB4-40BD-ACF5-AAA190C749AF}.Debug|Any CPU.Build.0 = Debug|Any CPU
		{E265E700-2FB4-40BD-ACF5-AAA190C749AF}.Release|Any CPU.ActiveCfg = Release|Any CPU
		{E265E700-2FB4-40BD-ACF5-AAA190C749AF}.Release|Any CPU.Build.0 = Release|Any CPU
		{827664B7-51F5-4402-BF19-F4E6BEE3B771}.Debug|Any CPU.ActiveCfg = Debug|Any CPU
		{827664B7-51F5-4402-BF19-F4E6BEE3B771}.Debug|Any CPU.Build.0 = Debug|Any CPU
		{827664B7-51F5-4402-BF19-F4E6BEE3B771}.Release|Any CPU.ActiveCfg = Release|Any CPU
		{827664B7-51F5-4402-BF19-F4E6BEE3B771}.Release|Any CPU.Build.0 = Release|Any CPU
		{09E008EF-B555-4564-A927-E9616B950C6C}.Debug|Any CPU.ActiveCfg = Debug|Any CPU
		{09E008EF-B555-4564-A927-E9616B950C6C}.Debug|Any CPU.Build.0 = Debug|Any CPU
		{09E008EF-B555-4564-A927-E9616B950C6C}.Release|Any CPU.ActiveCfg = Release|Any CPU
		{09E008EF-B555-4564-A927-E9616B950C6C}.Release|Any CPU.Build.0 = Release|Any CPU
		{3F6857B5-42E2-45CB-B188-D3F617854501}.Debug|Any CPU.ActiveCfg = Debug|Any CPU
		{3F6857B5-42E2-45CB-B188-D3F617854501}.Debug|Any CPU.Build.0 = Debug|Any CPU
		{3F6857B5-42E2-45CB-B188-D3F617854501}.Release|Any CPU.ActiveCfg = Release|Any CPU
		{3F6857B5-42E2-45CB-B188-D3F617854501}.Release|Any CPU.Build.0 = Release|Any CPU
		{82E94F2B-E8F6-462D-B97E-B306BD15D06A}.Debug|Any CPU.ActiveCfg = Debug|Any CPU
		{82E94F2B-E8F6-462D-B97E-B306BD15D06A}.Debug|Any CPU.Build.0 = Debug|Any CPU
		{82E94F2B-E8F6-462D-B97E-B306BD15D06A}.Release|Any CPU.ActiveCfg = Release|Any CPU
		{82E94F2B-E8F6-462D-B97E-B306BD15D06A}.Release|Any CPU.Build.0 = Release|Any CPU
		{7CD99B17-8B7B-4138-9E72-C63B8847E83F}.Debug|Any CPU.ActiveCfg = Debug|Any CPU
		{7CD99B17-8B7B-4138-9E72-C63B8847E83F}.Debug|Any CPU.Build.0 = Debug|Any CPU
		{7CD99B17-8B7B-4138-9E72-C63B8847E83F}.Release|Any CPU.ActiveCfg = Release|Any CPU
		{7CD99B17-8B7B-4138-9E72-C63B8847E83F}.Release|Any CPU.Build.0 = Release|Any CPU
		{41E221F3-692D-49F1-84C3-F44892E944FF}.Debug|Any CPU.ActiveCfg = Debug|Any CPU
		{41E221F3-692D-49F1-84C3-F44892E944FF}.Debug|Any CPU.Build.0 = Debug|Any CPU
		{41E221F3-692D-49F1-84C3-F44892E944FF}.Release|Any CPU.ActiveCfg = Release|Any CPU
		{41E221F3-692D-49F1-84C3-F44892E944FF}.Release|Any CPU.Build.0 = Release|Any CPU
		{2B98A58D-1FC7-41AA-95BF-7899F9AE5DF7}.Debug|Any CPU.ActiveCfg = Debug|Any CPU
		{2B98A58D-1FC7-41AA-95BF-7899F9AE5DF7}.Debug|Any CPU.Build.0 = Debug|Any CPU
		{2B98A58D-1FC7-41AA-95BF-7899F9AE5DF7}.Release|Any CPU.ActiveCfg = Release|Any CPU
		{2B98A58D-1FC7-41AA-95BF-7899F9AE5DF7}.Release|Any CPU.Build.0 = Release|Any CPU
		{A0B5DD08-F548-4463-A3E6-CC5DD0410C69}.Debug|Any CPU.ActiveCfg = Debug|Any CPU
		{A0B5DD08-F548-4463-A3E6-CC5DD0410C69}.Debug|Any CPU.Build.0 = Debug|Any CPU
		{A0B5DD08-F548-4463-A3E6-CC5DD0410C69}.Release|Any CPU.ActiveCfg = Release|Any CPU
		{A0B5DD08-F548-4463-A3E6-CC5DD0410C69}.Release|Any CPU.Build.0 = Release|Any CPU
		{262F590E-20FC-410A-8E58-F258200BFBBE}.Debug|Any CPU.ActiveCfg = Debug|Any CPU
		{262F590E-20FC-410A-8E58-F258200BFBBE}.Debug|Any CPU.Build.0 = Debug|Any CPU
		{262F590E-20FC-410A-8E58-F258200BFBBE}.Release|Any CPU.ActiveCfg = Release|Any CPU
		{262F590E-20FC-410A-8E58-F258200BFBBE}.Release|Any CPU.Build.0 = Release|Any CPU
		{BDA408D8-0697-4E22-B9EF-A9D8BC9CE6DF}.Debug|Any CPU.ActiveCfg = Debug|Any CPU
		{BDA408D8-0697-4E22-B9EF-A9D8BC9CE6DF}.Debug|Any CPU.Build.0 = Debug|Any CPU
		{BDA408D8-0697-4E22-B9EF-A9D8BC9CE6DF}.Release|Any CPU.ActiveCfg = Release|Any CPU
		{BDA408D8-0697-4E22-B9EF-A9D8BC9CE6DF}.Release|Any CPU.Build.0 = Release|Any CPU
		{7F738F55-6628-4436-9E45-DF89D01746A7}.Debug|Any CPU.ActiveCfg = Debug|Any CPU
		{7F738F55-6628-4436-9E45-DF89D01746A7}.Debug|Any CPU.Build.0 = Debug|Any CPU
		{7F738F55-6628-4436-9E45-DF89D01746A7}.Release|Any CPU.ActiveCfg = Release|Any CPU
		{7F738F55-6628-4436-9E45-DF89D01746A7}.Release|Any CPU.Build.0 = Release|Any CPU
		{E2DC513F-6D5B-4FAD-8603-ABDE9F4A1D76}.Debug|Any CPU.ActiveCfg = Debug|Any CPU
		{E2DC513F-6D5B-4FAD-8603-ABDE9F4A1D76}.Debug|Any CPU.Build.0 = Debug|Any CPU
		{E2DC513F-6D5B-4FAD-8603-ABDE9F4A1D76}.Release|Any CPU.ActiveCfg = Release|Any CPU
		{E2DC513F-6D5B-4FAD-8603-ABDE9F4A1D76}.Release|Any CPU.Build.0 = Release|Any CPU
		{0FA1E143-0CA7-4914-B4DA-E688F24258B8}.Debug|Any CPU.ActiveCfg = Debug|Any CPU
		{0FA1E143-0CA7-4914-B4DA-E688F24258B8}.Debug|Any CPU.Build.0 = Debug|Any CPU
		{0FA1E143-0CA7-4914-B4DA-E688F24258B8}.Release|Any CPU.ActiveCfg = Release|Any CPU
		{0FA1E143-0CA7-4914-B4DA-E688F24258B8}.Release|Any CPU.Build.0 = Release|Any CPU
		{621A2AC3-1846-4C3A-8BE1-7C2299E108DD}.Debug|Any CPU.ActiveCfg = Debug|Any CPU
		{621A2AC3-1846-4C3A-8BE1-7C2299E108DD}.Debug|Any CPU.Build.0 = Debug|Any CPU
		{621A2AC3-1846-4C3A-8BE1-7C2299E108DD}.Release|Any CPU.ActiveCfg = Release|Any CPU
		{621A2AC3-1846-4C3A-8BE1-7C2299E108DD}.Release|Any CPU.Build.0 = Release|Any CPU
		{7E80F008-2910-449E-BCBE-5898A3EEAE5A}.Debug|Any CPU.ActiveCfg = Debug|Any CPU
		{7E80F008-2910-449E-BCBE-5898A3EEAE5A}.Debug|Any CPU.Build.0 = Debug|Any CPU
		{7E80F008-2910-449E-BCBE-5898A3EEAE5A}.Release|Any CPU.ActiveCfg = Release|Any CPU
		{7E80F008-2910-449E-BCBE-5898A3EEAE5A}.Release|Any CPU.Build.0 = Release|Any CPU
		{8F4C6E5E-9B52-48AA-891A-6AE8E8F3D80D}.Debug|Any CPU.ActiveCfg = Debug|Any CPU
		{8F4C6E5E-9B52-48AA-891A-6AE8E8F3D80D}.Debug|Any CPU.Build.0 = Debug|Any CPU
		{8F4C6E5E-9B52-48AA-891A-6AE8E8F3D80D}.Release|Any CPU.ActiveCfg = Release|Any CPU
		{8F4C6E5E-9B52-48AA-891A-6AE8E8F3D80D}.Release|Any CPU.Build.0 = Release|Any CPU
		{2177273E-EAED-4FF6-A8F2-9B16FC7BA8B9}.Debug|Any CPU.ActiveCfg = Debug|Any CPU
		{2177273E-EAED-4FF6-A8F2-9B16FC7BA8B9}.Debug|Any CPU.Build.0 = Debug|Any CPU
		{2177273E-EAED-4FF6-A8F2-9B16FC7BA8B9}.Release|Any CPU.ActiveCfg = Release|Any CPU
		{2177273E-EAED-4FF6-A8F2-9B16FC7BA8B9}.Release|Any CPU.Build.0 = Release|Any CPU
		{B0AA7DA4-018B-456D-9B72-A9AED12687D0}.Debug|Any CPU.ActiveCfg = Debug|Any CPU
		{B0AA7DA4-018B-456D-9B72-A9AED12687D0}.Debug|Any CPU.Build.0 = Debug|Any CPU
		{B0AA7DA4-018B-456D-9B72-A9AED12687D0}.Release|Any CPU.ActiveCfg = Release|Any CPU
		{B0AA7DA4-018B-456D-9B72-A9AED12687D0}.Release|Any CPU.Build.0 = Release|Any CPU
		{0A93113C-4584-4483-BFEC-5AB0E34EF6F7}.Debug|Any CPU.ActiveCfg = Debug|Any CPU
		{0A93113C-4584-4483-BFEC-5AB0E34EF6F7}.Debug|Any CPU.Build.0 = Debug|Any CPU
		{0A93113C-4584-4483-BFEC-5AB0E34EF6F7}.Release|Any CPU.ActiveCfg = Release|Any CPU
		{0A93113C-4584-4483-BFEC-5AB0E34EF6F7}.Release|Any CPU.Build.0 = Release|Any CPU
	EndGlobalSection
	GlobalSection(SolutionProperties) = preSolution
		HideSolutionNode = FALSE
	EndGlobalSection
	GlobalSection(NestedProjects) = preSolution
		{EDF173F7-6291-4051-8824-773792A97927} = {2F1F9DC3-E11D-4FE3-9115-468E962115EA}
		{A5B3CA2D-657B-4E78-8323-85CA9B937325} = {2F1F9DC3-E11D-4FE3-9115-468E962115EA}
		{4937BE5F-616D-4A66-A93F-26698C71C8BC} = {EDF173F7-6291-4051-8824-773792A97927}
		{B79E800B-0B3F-46DE-A839-80A2FDE87770} = {2F1F9DC3-E11D-4FE3-9115-468E962115EA}
		{FB3EBF40-09BF-47DE-8978-3B832EA730A5} = {2F1F9DC3-E11D-4FE3-9115-468E962115EA}
		{9E777F39-D2C5-45A5-9383-4DB6897A10E9} = {2F1F9DC3-E11D-4FE3-9115-468E962115EA}
		{1F50396B-84E8-4491-8CF6-E63037BF2E70} = {B79E800B-0B3F-46DE-A839-80A2FDE87770}
		{BF5CD09D-F496-44FC-BD9D-8A6B291AC1ED} = {B79E800B-0B3F-46DE-A839-80A2FDE87770}
		{16D0E4D5-8BA3-4550-AD14-A90DE3116935} = {B79E800B-0B3F-46DE-A839-80A2FDE87770}
		{F69700D1-175A-45AF-B234-65496C4B6CB6} = {B79E800B-0B3F-46DE-A839-80A2FDE87770}
		{936E8630-A36C-4BAF-A5B4-5160D3662E5A} = {B79E800B-0B3F-46DE-A839-80A2FDE87770}
		{26B7134E-982D-4FAA-844A-3929208B591A} = {FB3EBF40-09BF-47DE-8978-3B832EA730A5}
		{A0FE92AB-F84C-4DF2-975D-2F46972D94C1} = {FB3EBF40-09BF-47DE-8978-3B832EA730A5}
		{04379A02-329A-4764-98E2-287F1AB98125} = {FB3EBF40-09BF-47DE-8978-3B832EA730A5}
		{72AA118F-9D3E-4118-9C98-7035EED551AC} = {FB3EBF40-09BF-47DE-8978-3B832EA730A5}
		{C21E0C45-CF8F-43BD-AF73-8A42D350CFAB} = {FB3EBF40-09BF-47DE-8978-3B832EA730A5}
		{F5E4E640-270B-44AC-B6B3-FF12C0078CC7} = {FB3EBF40-09BF-47DE-8978-3B832EA730A5}
		{DD2F6767-DDC5-4A43-BE15-0EDCE33E539C} = {9E777F39-D2C5-45A5-9383-4DB6897A10E9}
		{F001605E-CE6F-42A1-814A-E26861C63817} = {9E777F39-D2C5-45A5-9383-4DB6897A10E9}
		{64D5C48C-5190-44AF-887D-054D781994C4} = {9E777F39-D2C5-45A5-9383-4DB6897A10E9}
		{CF81AD94-223F-4B72-AF11-2D3440189314} = {9E777F39-D2C5-45A5-9383-4DB6897A10E9}
		{5A4699A7-112E-43DA-8AF0-7B7B3634DB98} = {A5B3CA2D-657B-4E78-8323-85CA9B937325}
		{594660C5-2759-4034-8ECB-263B5E349B6B} = {A5B3CA2D-657B-4E78-8323-85CA9B937325}
		{6D047A1B-9CCA-426F-8C0F-82716502BAC3} = {A5B3CA2D-657B-4E78-8323-85CA9B937325}
		{400C4EC7-4F6E-4C14-8AF7-58CB9D02EBB1} = {A5B3CA2D-657B-4E78-8323-85CA9B937325}
		{D2560529-AC45-461C-95B2-3109A998538D} = {A5B3CA2D-657B-4E78-8323-85CA9B937325}
		{7A3B9B6D-1907-4A21-81F0-8AEB038CF319} = {EDF173F7-6291-4051-8824-773792A97927}
		{E40F89AE-9654-4CB7-B06B-8250B7C9F6C8} = {EDF173F7-6291-4051-8824-773792A97927}
		{349FDA7D-FE7C-47DB-9EC1-3F5DD1A06B2A} = {EDF173F7-6291-4051-8824-773792A97927}
		{37BB5F21-F75A-494E-9ADF-49938AB4D704} = {EDF173F7-6291-4051-8824-773792A97927}
		{E265E700-2FB4-40BD-ACF5-AAA190C749AF} = {EDF173F7-6291-4051-8824-773792A97927}
		{827664B7-51F5-4402-BF19-F4E6BEE3B771} = {EDF173F7-6291-4051-8824-773792A97927}
		{09E008EF-B555-4564-A927-E9616B950C6C} = {EDF173F7-6291-4051-8824-773792A97927}
		{3F6857B5-42E2-45CB-B188-D3F617854501} = {5E6BDB1B-A5C7-4133-AB9B-927760965E72}
		{82E94F2B-E8F6-462D-B97E-B306BD15D06A} = {5E6BDB1B-A5C7-4133-AB9B-927760965E72}
		{7CD99B17-8B7B-4138-9E72-C63B8847E83F} = {5E6BDB1B-A5C7-4133-AB9B-927760965E72}
		{41E221F3-692D-49F1-84C3-F44892E944FF} = {5E6BDB1B-A5C7-4133-AB9B-927760965E72}
		{2B98A58D-1FC7-41AA-95BF-7899F9AE5DF7} = {5E6BDB1B-A5C7-4133-AB9B-927760965E72}
		{A0B5DD08-F548-4463-A3E6-CC5DD0410C69} = {5E6BDB1B-A5C7-4133-AB9B-927760965E72}
		{262F590E-20FC-410A-8E58-F258200BFBBE} = {5E6BDB1B-A5C7-4133-AB9B-927760965E72}
		{BDA408D8-0697-4E22-B9EF-A9D8BC9CE6DF} = {9E777F39-D2C5-45A5-9383-4DB6897A10E9}
		{7F738F55-6628-4436-9E45-DF89D01746A7} = {B79E800B-0B3F-46DE-A839-80A2FDE87770}
		{E2DC513F-6D5B-4FAD-8603-ABDE9F4A1D76} = {A5B3CA2D-657B-4E78-8323-85CA9B937325}
		{0FA1E143-0CA7-4914-B4DA-E688F24258B8} = {9E777F39-D2C5-45A5-9383-4DB6897A10E9}
		{621A2AC3-1846-4C3A-8BE1-7C2299E108DD} = {A5B3CA2D-657B-4E78-8323-85CA9B937325}
		{7E80F008-2910-449E-BCBE-5898A3EEAE5A} = {A5B3CA2D-657B-4E78-8323-85CA9B937325}
		{8F4C6E5E-9B52-48AA-891A-6AE8E8F3D80D} = {FB3EBF40-09BF-47DE-8978-3B832EA730A5}
		{2177273E-EAED-4FF6-A8F2-9B16FC7BA8B9} = {EDF173F7-6291-4051-8824-773792A97927}
		{B0AA7DA4-018B-456D-9B72-A9AED12687D0} = {A5B3CA2D-657B-4E78-8323-85CA9B937325}
		{0A93113C-4584-4483-BFEC-5AB0E34EF6F7} = {9E777F39-D2C5-45A5-9383-4DB6897A10E9}
	EndGlobalSection
	GlobalSection(ExtensibilityGlobals) = postSolution
		SolutionGuid = {4E090E10-82B1-4D2B-A41C-50A34A8B1FB7}
	EndGlobalSection
EndGlobal
